{
    "_meta": {
        "hash": {
            "sha256": "f8e171eca1e3d3704fa763ef64124fb31f164d64191e89054bf278b83571ceb0"
        },
        "pipfile-spec": 6,
        "requires": {
            "python_version": "3.6"
        },
        "sources": [
            {
                "name": "pypi",
                "url": "https://pypi.org/simple",
                "verify_ssl": true
            }
        ]
    },
    "default": {
        "class-registry": {
            "hashes": [
                "sha256:678bdb0322566c07a4d8905140d364bd34a73baf46bf7580fc2e06fa994d4e7e",
                "sha256:cfb855514753e2edfe8d88b14a6e449820682fe0983efe61b83df28b688b3e5a"
            ],
            "version": "==2.1.2"
        },
        "django": {
            "hashes": [
                "sha256:7c3543e4fb070d14e10926189a7fcf42ba919263b7473dceaefce34d54e8a119",
                "sha256:a2814bffd1f007805b19194eb0b9a331933b82bd5da1c3ba3d7b7ba16e06dc4b"
            ],
            "index": "pypi",
            "version": "==2.2"
        },
        "django-filter": {
            "hashes": [
                "sha256:11e63dd759835d9ba7a763926ffb2662cf8a6dcb4c7971a95064de34dbc7e5af",
                "sha256:616848eab6fc50193a1b3730140c49b60c57a3eda1f7fc57fa8505ac156c6c75"
            ],
            "index": "pypi",
            "version": "==2.3.0"
        },
        "django-multiselectfield": {
            "hashes": [
                "sha256:c270faa7f80588214c55f2d68cbddb2add525c2aa830c216b8a198de914eb470",
                "sha256:d0a4c71568fb2332c71478ffac9f8708e01314a35cf923dfd7a191343452f9f9"
            ],
            "index": "pypi",
            "version": "==0.1.12"
        },
        "django-rest-multiple-models": {
            "hashes": [
                "sha256:0fcb16671513e726047881527b01d606ea8d5bda645451f1ddad1fc6a6eb5bdf",
                "sha256:5503bfd36d37fdd6f2d4535f848ade35cdbc1c54562b13e82bf1f4772d2ef988"
            ],
            "index": "pypi",
            "version": "==2.1.3"
        },
        "django-wkhtmltopdf": {
            "hashes": [
                "sha256:add8cbf6266a28bcc3691775dbe2f2eff7934f2c7fe9995b320270f3679f12b4",
                "sha256:e4c42d771c7a1ef85faa0591e3c1fa7da3ef0d39a636baea4a1ec89bf7119a71"
            ],
            "index": "pypi",
            "version": "==3.3.0"
        },
        "djangorestframework": {
            "hashes": [
                "sha256:607865b0bb1598b153793892101d881466bd5a991de12bd6229abb18b1c86136",
                "sha256:63f76cbe1e7d12b94c357d7e54401103b2e52aef0f7c1650d6c820ad708776e5"
            ],
            "index": "pypi",
            "version": "==3.9.0"
        },
        "drf-pdf": {
            "hashes": [
                "sha256:4e870bff87d19f43fa0bb85f8112ab0588db0c7bb00656f1ec52120d19ac4b2a"
            ],
            "index": "pypi",
            "version": "==0.2.0"
        },
        "filters": {
            "hashes": [
                "sha256:248150dfd768f9211f4c897696f3f4c370697e0f19b9c1f85577a27495b18496",
                "sha256:b74fad6a7885f1380dd12fde0f849e8c5e459919ce314f76c2352064c7a30796"
            ],
            "version": "==1.3.2"
        },
        "filters-django": {
            "hashes": [
                "sha256:d5aa98a85615800e3c9d3e637020a8eb13618b5551d968579960721b82716102",
                "sha256:fbd1a6bc8349b7e5019219b906c837bb74c009c137897f003387d9614c2412a7"
            ],
            "index": "pypi",
            "version": "==1.0.5"
        },
        "pillow": {
            "hashes": [
                "sha256:00203f406818c3f45d47bb8fe7e67d3feddb8dcbbd45a289a1de7dd789226360",
                "sha256:0616f800f348664e694dddb0b0c88d26761dd5e9f34e1ed7b7a7d2da14b40cb7",
                "sha256:091136f2a37e9ed6bd8ce96fbf5269199ba6edee490d64de7ac934316f31ecca",
                "sha256:0d67ae9a5937b1348fa1d97c7dcb6b56aaef828ca6655298e96f2f3114ad829d",
                "sha256:0e1aaddd00ee9014fe7a61b9da61427233fcd7c7f193b5efd6689e0ec36bc42f",
                "sha256:1f7908aab90c92ad85af9d2fec5fc79456a89b3adcc26314d2cde0e238bd789e",
                "sha256:2ea3517cd5779843de8a759c2349a3cd8d3893e03ab47053b66d5ec6f8bc4f93",
                "sha256:39b662f65a067709a62943003c1e807d140e7fcf631fcfc66ebe905f8149b9f4",
                "sha256:3ddc19447cf42ef3ec564ab7ebbd4f67838ba9816d739befe29dd70149c775bd",
                "sha256:48a9f0538c91fc136b3a576bee0e7cd174773dc9920b310c21dcb5519722e82c",
                "sha256:5280ebc42641a1283b7b1f2c20e5b936692198b9dd9995527c18b794850be1a8",
                "sha256:576a8a7a57065dab968d9d18befa2594a7673dcdab78c9b1f34248410cc6118f",
                "sha256:5e334a23c8f7cb6079987a2ed9978821a42b4323a3a3bdbc132945348737f9a9",
                "sha256:5e34e4b5764af65551647f5cc67cf5198c1d05621781d5173b342e5e55bf023b",
                "sha256:63b120421ab85cad909792583f83b6ca3584610c2fe70751e23f606a3c2e87f0",
                "sha256:696b5e0109fe368d0057f484e2e91717b49a03f1e310f857f133a4acec9f91dd",
                "sha256:6cb528de694f503ea164541c151da6c18267727a7558e0c9716cc0383d89658a",
                "sha256:7306d851d5a0cfac9ea07f1177783836f4b37292e5f224a534a52111cb6a6451",
                "sha256:7e3e32346d991f1788026917d0a9c182d6d32dc757163eee7ca990f1f831499e",
                "sha256:870ed021a42b1b02b5fe4a739ea735f671a84128c0a666c705db2cb9abd528eb",
                "sha256:916da1c19e4012d06a372127d7140dae894806fad67ef44330e5600d77833581",
                "sha256:9303a289fa0811e1c6abd9ddebfc770556d7c3311cb2b32eff72164ddc49bc64",
                "sha256:9577888ecc0ad7d06c3746afaba339c94d62b59da16f7a5d1cff9e491f23dace",
                "sha256:987e1c94a33c93d9b209315bfda9faa54b8edfce6438a1e93ae866ba20de5956",
                "sha256:99a3bbdbb844f4fb5d6dd59fac836a40749781c1fa63c563bc216c27aef63f60",
                "sha256:99db8dc3097ceafbcff9cb2bff384b974795edeb11d167d391a02c7bfeeb6e16",
                "sha256:a379526415f54f9462bc65a4da76fb0acc05e3b2a21717dde79621cf4377e0e6",
                "sha256:a5a96cf49eb580756a44ecf12949e52f211e20bffbf5a95760ac14b1e499cd37",
                "sha256:a844b5d8120f99fb7cd276ff544ac5bd562b0c053760d59694e6bf747c6ca7f5",
                "sha256:a9284368e81a67a7f47d5ef1ef7e4f11a4f688485879f44cf5f9090bba1f9d94",
                "sha256:aa6ca3eb56704cdc0d876fc6047ffd5ee960caad52452fbee0f99908a141a0ae",
                "sha256:aade5e66795c94e4a2b2624affeea8979648d1b0ae3fcee17e74e2c647fc4a8a",
                "sha256:b78905860336c1d292409e3df6ad39cc1f1c7f0964e66844bbc2ebfca434d073",
                "sha256:b92f521cdc4e4a3041cc343625b699f20b0b5f976793fb45681aac1efda565f8",
                "sha256:bb2baf44e97811687893873eab8cf9f18b40321cc15d15ff9f91dc031e30631f",
                "sha256:bfde84bbd6ae5f782206d454b67b7ee8f7f818c29b99fd02bf022fd33bab14cb",
                "sha256:c2b62d3df80e694c0e4a0ed47754c9480521e25642251b3ab1dff050a4e60409",
                "sha256:c55d348c1c65896c1bd804527de4880d251ae832acf90d74ad525bb79e77d55c",
                "sha256:c5e2be6c263b64f6f7656e23e18a4a9980cffc671442795682e8c4e4f815dd9f",
                "sha256:c99aa3c63104e0818ec566f8ff3942fb7c7a8f35f9912cb63fd8e12318b214b2",
                "sha256:dae06620d3978da346375ebf88b9e2dd7d151335ba668c995aea9ed07af7add4",
                "sha256:db5499d0710823fa4fb88206050d46544e8f0e0136a9a5f5570b026584c8fd74",
                "sha256:dcd3cd17d291e01e47636101c4a6638ffb44c842d009973e3b5c1b67ff718c58",
                "sha256:f12df6b45abc18f27f6e21ce26f7cbf7aa19820911462e46536e22085658ca1e",
                "sha256:f36baafd82119c4a114b9518202f2a983819101dcc14b26e43fc12cbefdce00e",
                "sha256:f52b79c8796d81391ab295b04e520bda6feed54d54931708872e8f9ae9db0ea1",
                "sha256:fa2a50f762d06d84125db0b95d0121e9c640afa7edc23fc0848896760a390f8e",
                "sha256:fa49bb60792b542b95ca93a39041e7113843093ce3cfd216870118eb3798fcc9",
                "sha256:ff8cff01582fa1a7e533cb97f628531c4014af4b5f38e33cdcfe5eec29b6d888",
                "sha256:ffbccfe1c077b5f41738bd719518213c217be7a7a12a7e74113d05a0d6617390"
            ],
            "index": "pypi",
            "version": "==5.3.0"
        },
        "python-dateutil": {
            "hashes": [
                "sha256:73ebfe9dbf22e832286dafa60473e4cd239f8592f699aa5adaf10050e6e1823c",
                "sha256:75bb3f31ea686f1197762692a9ee6a7550b59fc6ca3a1f4b5d7e32fb98e2da2a"
            ],
            "markers": "python_version >= '2.7' and python_version not in '3.0, 3.1, 3.2, 3.3'",
            "version": "==2.8.1"
        },
        "pytz": {
            "hashes": [
                "sha256:a494d53b6d39c3c6e44c3bec237336e14305e4f29bbf800b599253057fbb79ed",
                "sha256:c35965d010ce31b23eeb663ed3cc8c906275d6be1a34393a1d73a41febf4a048"
            ],
            "version": "==2020.1"
        },
        "regex": {
            "hashes": [
                "sha256:0dc64ee3f33cd7899f79a8d788abfbec168410be356ed9bd30bbd3f0a23a7204",
                "sha256:1269fef3167bb52631ad4fa7dd27bf635d5a0790b8e6222065d42e91bede4162",
                "sha256:14a53646369157baa0499513f96091eb70382eb50b2c82393d17d7ec81b7b85f",
                "sha256:3a3af27a8d23143c49a3420efe5b3f8cf1a48c6fc8bc6856b03f638abc1833bb",
                "sha256:46bac5ca10fb748d6c55843a931855e2727a7a22584f302dd9bb1506e69f83f6",
                "sha256:4c037fd14c5f4e308b8370b447b469ca10e69427966527edcab07f52d88388f7",
                "sha256:51178c738d559a2d1071ce0b0f56e57eb315bcf8f7d4cf127674b533e3101f88",
                "sha256:5ea81ea3dbd6767873c611687141ec7b06ed8bab43f68fad5b7be184a920dc99",
                "sha256:6961548bba529cac7c07af2fd4d527c5b91bb8fe18995fed6044ac22b3d14644",
                "sha256:75aaa27aa521a182824d89e5ab0a1d16ca207318a6b65042b046053cfc8ed07a",
                "sha256:7a2dd66d2d4df34fa82c9dc85657c5e019b87932019947faece7983f2089a840",
                "sha256:8a51f2c6d1f884e98846a0a9021ff6861bdb98457879f412fdc2b42d14494067",
                "sha256:9c568495e35599625f7b999774e29e8d6b01a6fb684d77dee1f56d41b11b40cd",
                "sha256:9eddaafb3c48e0900690c1727fba226c4804b8e6127ea409689c3bb492d06de4",
                "sha256:bbb332d45b32df41200380fff14712cb6093b61bd142272a10b16778c418e98e",
                "sha256:bc3d98f621898b4a9bc7fecc00513eec8f40b5b83913d74ccb445f037d58cd89",
                "sha256:c11d6033115dc4887c456565303f540c44197f4fc1a2bfb192224a301534888e",
                "sha256:c50a724d136ec10d920661f1442e4a8b010a4fe5aebd65e0c2241ea41dbe93dc",
                "sha256:d0a5095d52b90ff38592bbdc2644f17c6d495762edf47d876049cfd2968fbccf",
                "sha256:d6cff2276e502b86a25fd10c2a96973fdb45c7a977dca2138d661417f3728341",
                "sha256:e46d13f38cfcbb79bfdb2964b0fe12561fe633caf964a77a5f8d4e45fe5d2ef7"
            ],
            "version": "==2020.7.14"
        },
        "six": {
            "hashes": [
                "sha256:30639c035cdb23534cd4aa2dd52c3bf48f06e5f4a941509c8bafd8ce11080259",
                "sha256:8b74bedcbbbaca38ff6d7491d76f2b06b3592611af620f8426e82dddb04a5ced"
            ],
            "index": "pypi",
            "version": "==1.15.0"
        },
        "sqlparse": {
            "hashes": [
                "sha256:022fb9c87b524d1f7862b3037e541f68597a730a8843245c349fc93e1643dc4e",
                "sha256:e162203737712307dfe78860cc56c8da8a852ab2ee33750e33aeadf38d12c548"
            ],
            "markers": "python_version >= '2.7' and python_version not in '3.0, 3.1, 3.2, 3.3'",
            "version": "==0.3.1"
        }
    },
    "develop": {}
}
